
Microsoft Visual Studio Solution File, Format Version 12.00
# Visual Studio Version 16
VisualStudioVersion = 16.0.31424.327
MinimumVisualStudioVersion = 10.0.40219.1
Project("{FAE04EC0-301F-11D3-BF4B-00C04F79EFBC}") = "test", "test\test.csproj", "{D60BBD09-BFFB-4427-8D8A-58EB2C3680CE}"
EndProject
Global
	GlobalSection(SolutionConfigurationPlatforms) = preSolution
		Debug|Any CPU = Debug|Any CPU
		Release|Any CPU = Release|Any CPU
	EndGlobalSection
	GlobalSection(ProjectConfigurationPlatforms) = postSolution
		{D60BBD09-BFFB-4427-8D8A-58EB2C3680CE}.Debug|Any CPU.ActiveCfg = Debug|Any CPU
		{D60BBD09-BFFB-4427-8D8A-58EB2C3680CE}.Debug|Any CPU.Build.0 = Debug|Any CPU
		{D60BBD09-BFFB-4427-8D8A-58EB2C3680CE}.Release|Any CPU.ActiveCfg = Release|Any CPU
		{D60BBD09-BFFB-4427-8D8A-58EB2C3680CE}.Release|Any CPU.Build.0 = Release|Any CPU
	EndGlobalSection
	GlobalSection(SolutionProperties) = preSolution
		HideSolutionNode = FALSE
	EndGlobalSection
	GlobalSection(ExtensibilityGlobals) = postSolution
		SolutionGuid = {331BE6B0-5701-4055-93D4-0FA970FA463E}
	EndGlobalSection
EndGlobal
